
Microsoft Visual Studio Solution File, Format Version 12.00
# Visual Studio 2012
Project("{FAE04EC0-301F-11D3-BF4B-00C04F79EFBC}") = "Braillealpha", "Braillealpha\Braillealpha.csproj", "{7B732D4D-E034-4D97-8D91-65FD24385E20}"
EndProject
Global
	GlobalSection(SolutionConfigurationPlatforms) = preSolution
		Debug|x86 = Debug|x86
		Release|x86 = Release|x86
	EndGlobalSection
	GlobalSection(ProjectConfigurationPlatforms) = postSolution
		{7B732D4D-E034-4D97-8D91-65FD24385E20}.Debug|x86.ActiveCfg = Debug|x86
		{7B732D4D-E034-4D97-8D91-65FD24385E20}.Debug|x86.Build.0 = Debug|x86
		{7B732D4D-E034-4D97-8D91-65FD24385E20}.Release|x86.ActiveCfg = Release|x86
		{7B732D4D-E034-4D97-8D91-65FD24385E20}.Release|x86.Build.0 = Release|x86
	EndGlobalSection
EndGlobal
